
Microsoft Visual Studio Solution File, Format Version 12.00
# Visual Studio Version 16
VisualStudioVersion = 16.0.30804.86
MinimumVisualStudioVersion = 10.0.40219.1
Project("{FAE04EC0-301F-11D3-BF4B-00C04F79EFBC}") = "SampleLinearSearch", "SampleLinearSearch\SampleLinearSearch.csproj", "{3624B862-6933-4AD1-AF83-5ADBD48F8C71}"
EndProject
Project("{FAE04EC0-301F-11D3-BF4B-00C04F79EFBC}") = "SampleLinearSearchBatchmark", "SampleLinearSearchBatchmark\SampleLinearSearchBatchmark.csproj", "{F3157E21-6797-4E55-B859-9B08FCB04A54}"
EndProject
Global
	GlobalSection(SolutionConfigurationPlatforms) = preSolution
		Debug|Any CPU = Debug|Any CPU
		Release|Any CPU = Release|Any CPU
	EndGlobalSection
	GlobalSection(ProjectConfigurationPlatforms) = postSolution
		{3624B862-6933-4AD1-AF83-5ADBD48F8C71}.Debug|Any CPU.ActiveCfg = Debug|Any CPU
		{3624B862-6933-4AD1-AF83-5ADBD48F8C71}.Debug|Any CPU.Build.0 = Debug|Any CPU
		{3624B862-6933-4AD1-AF83-5ADBD48F8C71}.Release|Any CPU.ActiveCfg = Release|Any CPU
		{3624B862-6933-4AD1-AF83-5ADBD48F8C71}.Release|Any CPU.Build.0 = Release|Any CPU
		{F3157E21-6797-4E55-B859-9B08FCB04A54}.Debug|Any CPU.ActiveCfg = Debug|Any CPU
		{F3157E21-6797-4E55-B859-9B08FCB04A54}.Debug|Any CPU.Build.0 = Debug|Any CPU
		{F3157E21-6797-4E55-B859-9B08FCB04A54}.Release|Any CPU.ActiveCfg = Release|Any CPU
		{F3157E21-6797-4E55-B859-9B08FCB04A54}.Release|Any CPU.Build.0 = Release|Any CPU
	EndGlobalSection
	GlobalSection(SolutionProperties) = preSolution
		HideSolutionNode = FALSE
	EndGlobalSection
	GlobalSection(ExtensibilityGlobals) = postSolution
		SolutionGuid = {10EA5253-672C-4796-ACE9-0763583708EF}
	EndGlobalSection
EndGlobal
